
Microsoft Visual Studio Solution File, Format Version 12.00
# Visual Studio Version 17
VisualStudioVersion = 17.0.31903.59
MinimumVisualStudioVersion = 10.0.40219.1
Project("{FAE04EC0-301F-11D3-BF4B-00C04F79EFBC}") = "ProductorKafka1", "ProductorKafka1\ProductorKafka1.csproj", "{D745A945-25B3-44B6-8EC4-514D0752E9EA}"
EndProject
Global
	GlobalSection(SolutionConfigurationPlatforms) = preSolution
		Debug|Any CPU = Debug|Any CPU
		Release|Any CPU = Release|Any CPU
	EndGlobalSection
	GlobalSection(ProjectConfigurationPlatforms) = postSolution
		{D745A945-25B3-44B6-8EC4-514D0752E9EA}.Debug|Any CPU.ActiveCfg = Debug|Any CPU
		{D745A945-25B3-44B6-8EC4-514D0752E9EA}.Debug|Any CPU.Build.0 = Debug|Any CPU
		{D745A945-25B3-44B6-8EC4-514D0752E9EA}.Release|Any CPU.ActiveCfg = Release|Any CPU
		{D745A945-25B3-44B6-8EC4-514D0752E9EA}.Release|Any CPU.Build.0 = Release|Any CPU
	EndGlobalSection
	GlobalSection(SolutionProperties) = preSolution
		HideSolutionNode = FALSE
	EndGlobalSection
	GlobalSection(ExtensibilityGlobals) = postSolution
		SolutionGuid = {6ECD0DA8-8E26-4AA0-9F76-4A317D658BDB}
	EndGlobalSection
EndGlobal
